
Microsoft Visual Studio Solution File, Format Version 12.00
# Visual Studio Version 16
VisualStudioVersion = 16.0.31402.337
MinimumVisualStudioVersion = 10.0.40219.1
Project("{FAE04EC0-301F-11D3-BF4B-00C04F79EFBC}") = "InputEmulator", "InputEmulator\InputEmulator.csproj", "{859BCEE5-AD63-43A8-A0E4-B9AB5A6B4CE7}"
EndProject
Global
	GlobalSection(SolutionConfigurationPlatforms) = preSolution
		Debug|Any CPU = Debug|Any CPU
		Release|Any CPU = Release|Any CPU
	EndGlobalSection
	GlobalSection(ProjectConfigurationPlatforms) = postSolution
		{859BCEE5-AD63-43A8-A0E4-B9AB5A6B4CE7}.Debug|Any CPU.ActiveCfg = Debug|Any CPU
		{859BCEE5-AD63-43A8-A0E4-B9AB5A6B4CE7}.Debug|Any CPU.Build.0 = Debug|Any CPU
		{859BCEE5-AD63-43A8-A0E4-B9AB5A6B4CE7}.Release|Any CPU.ActiveCfg = Release|Any CPU
		{859BCEE5-AD63-43A8-A0E4-B9AB5A6B4CE7}.Release|Any CPU.Build.0 = Release|Any CPU
	EndGlobalSection
	GlobalSection(SolutionProperties) = preSolution
		HideSolutionNode = FALSE
	EndGlobalSection
	GlobalSection(ExtensibilityGlobals) = postSolution
		SolutionGuid = {EA5FDBB6-6AA8-40F6-B2FB-8CF6C548098F}
	EndGlobalSection
EndGlobal
